
Microsoft Visual Studio Solution File, Format Version 12.00
# Visual Studio 14
VisualStudioVersion = 14.0.25123.0
MinimumVisualStudioVersion = 10.0.40219.1
Project("{2150E333-8FDC-42A3-9474-1A3956D46DE8}") = "Modules", "Modules", "{E9CA39B0-9BDE-4605-A452-C801608320B7}"
EndProject
Project("{FAE04EC0-301F-11D3-BF4B-00C04F79EFBC}") = "WeatherModule", "Modules\WeatherModule\WeatherModule.csproj", "{339A5389-037C-44B6-85A9-147EE535214C}"
EndProject
Project("{2150E333-8FDC-42A3-9474-1A3956D46DE8}") = "Apps", "Apps", "{F5B336B7-C7BD-48AC-9C35-8F001A6D8126}"
EndProject
Project("{FAE04EC0-301F-11D3-BF4B-00C04F79EFBC}") = "Weather.Wpf", "HelloWorld\Weather.Wpf.csproj", "{92A4328E-86C3-4F88-9A87-5F0EC3718E30}"
EndProject
Project("{2150E333-8FDC-42A3-9474-1A3956D46DE8}") = "WeatherApi", "WeatherApi", "{C042CDD9-298B-4165-96EA-1B23F173B20D}"
EndProject
Project("{FAE04EC0-301F-11D3-BF4B-00C04F79EFBC}") = "Services.Portable", "WeatherApi\Services.Portable\Services.Portable.csproj", "{6EE47C8B-D123-4421-B670-8A2E0362746F}"
EndProject
Project("{FAE04EC0-301F-11D3-BF4B-00C04F79EFBC}") = "Services", "WeatherApi\Services\Services.csproj", "{EA9242A7-1B5C-47EB-9A66-36C36B093923}"
EndProject
Project("{FAE04EC0-301F-11D3-BF4B-00C04F79EFBC}") = "Weather.iPhone", "Apps\Weather.iPhone\Weather.iPhone.csproj", "{C9E83E7C-FFE6-4268-BA65-0D0DB51BC3A0}"
EndProject
Project("{FAE04EC0-301F-11D3-BF4B-00C04F79EFBC}") = "Weather.Android", "Apps\Weather.Android\Weather.Android.csproj", "{34816BEE-211F-4F22-95F7-25EF7213D21D}"
EndProject
Project("{FAE04EC0-301F-11D3-BF4B-00C04F79EFBC}") = "Weather.UWP", "Apps\Weather.UWP\Weather.UWP.csproj", "{C5A782AF-BA06-4C90-8D68-789599F2EDA7}"
EndProject
Global
	GlobalSection(SolutionConfigurationPlatforms) = preSolution
		Ad-Hoc|Any CPU = Ad-Hoc|Any CPU
		Ad-Hoc|ARM = Ad-Hoc|ARM
		Ad-Hoc|iPhone = Ad-Hoc|iPhone
		Ad-Hoc|iPhoneSimulator = Ad-Hoc|iPhoneSimulator
		Ad-Hoc|x64 = Ad-Hoc|x64
		Ad-Hoc|x86 = Ad-Hoc|x86
		AppStore|Any CPU = AppStore|Any CPU
		AppStore|ARM = AppStore|ARM
		AppStore|iPhone = AppStore|iPhone
		AppStore|iPhoneSimulator = AppStore|iPhoneSimulator
		AppStore|x64 = AppStore|x64
		AppStore|x86 = AppStore|x86
		Debug|Any CPU = Debug|Any CPU
		Debug|ARM = Debug|ARM
		Debug|iPhone = Debug|iPhone
		Debug|iPhoneSimulator = Debug|iPhoneSimulator
		Debug|x64 = Debug|x64
		Debug|x86 = Debug|x86
		Release|Any CPU = Release|Any CPU
		Release|ARM = Release|ARM
		Release|iPhone = Release|iPhone
		Release|iPhoneSimulator = Release|iPhoneSimulator
		Release|x64 = Release|x64
		Release|x86 = Release|x86
	EndGlobalSection
	GlobalSection(ProjectConfigurationPlatforms) = postSolution
		{339A5389-037C-44B6-85A9-147EE535214C}.Ad-Hoc|Any CPU.ActiveCfg = Release|Any CPU
		{339A5389-037C-44B6-85A9-147EE535214C}.Ad-Hoc|Any CPU.Build.0 = Release|Any CPU
		{339A5389-037C-44B6-85A9-147EE535214C}.Ad-Hoc|ARM.ActiveCfg = Release|Any CPU
		{339A5389-037C-44B6-85A9-147EE535214C}.Ad-Hoc|ARM.Build.0 = Release|Any CPU
		{339A5389-037C-44B6-85A9-147EE535214C}.Ad-Hoc|iPhone.ActiveCfg = Release|Any CPU
		{339A5389-037C-44B6-85A9-147EE535214C}.Ad-Hoc|iPhone.Build.0 = Release|Any CPU
		{339A5389-037C-44B6-85A9-147EE535214C}.Ad-Hoc|iPhoneSimulator.ActiveCfg = Release|Any CPU
		{339A5389-037C-44B6-85A9-147EE535214C}.Ad-Hoc|iPhoneSimulator.Build.0 = Release|Any CPU
		{339A5389-037C-44B6-85A9-147EE535214C}.Ad-Hoc|x64.ActiveCfg = Release|Any CPU
		{339A5389-037C-44B6-85A9-147EE535214C}.Ad-Hoc|x64.Build.0 = Release|Any CPU
		{339A5389-037C-44B6-85A9-147EE535214C}.Ad-Hoc|x86.ActiveCfg = Release|Any CPU
		{339A5389-037C-44B6-85A9-147EE535214C}.Ad-Hoc|x86.Build.0 = Release|Any CPU
		{339A5389-037C-44B6-85A9-147EE535214C}.AppStore|Any CPU.ActiveCfg = Release|Any CPU
		{339A5389-037C-44B6-85A9-147EE535214C}.AppStore|Any CPU.Build.0 = Release|Any CPU
		{339A5389-037C-44B6-85A9-147EE535214C}.AppStore|ARM.ActiveCfg = Release|Any CPU
		{339A5389-037C-44B6-85A9-147EE535214C}.AppStore|ARM.Build.0 = Release|Any CPU
		{339A5389-037C-44B6-85A9-147EE535214C}.AppStore|iPhone.ActiveCfg = Release|Any CPU
		{339A5389-037C-44B6-85A9-147EE535214C}.AppStore|iPhone.Build.0 = Release|Any CPU
		{339A5389-037C-44B6-85A9-147EE535214C}.AppStore|iPhoneSimulator.ActiveCfg = Release|Any CPU
		{339A5389-037C-44B6-85A9-147EE535214C}.AppStore|iPhoneSimulator.Build.0 = Release|Any CPU
		{339A5389-037C-44B6-85A9-147EE535214C}.AppStore|x64.ActiveCfg = Release|Any CPU
		{339A5389-037C-44B6-85A9-147EE535214C}.AppStore|x64.Build.0 = Release|Any CPU
		{339A5389-037C-44B6-85A9-147EE535214C}.AppStore|x86.ActiveCfg = Release|Any CPU
		{339A5389-037C-44B6-85A9-147EE535214C}.AppStore|x86.Build.0 = Release|Any CPU
		{339A5389-037C-44B6-85A9-147EE535214C}.Debug|Any CPU.ActiveCfg = Debug|Any CPU
		{339A5389-037C-44B6-85A9-147EE535214C}.Debug|Any CPU.Build.0 = Debug|Any CPU
		{339A5389-037C-44B6-85A9-147EE535214C}.Debug|ARM.ActiveCfg = Debug|Any CPU
		{339A5389-037C-44B6-85A9-147EE535214C}.Debug|ARM.Build.0 = Debug|Any CPU
		{339A5389-037C-44B6-85A9-147EE535214C}.Debug|iPhone.ActiveCfg = Debug|Any CPU
		{339A5389-037C-44B6-85A9-147EE535214C}.Debug|iPhone.Build.0 = Debug|Any CPU
		{339A5389-037C-44B6-85A9-147EE535214C}.Debug|iPhoneSimulator.ActiveCfg = Debug|Any CPU
		{339A5389-037C-44B6-85A9-147EE535214C}.Debug|iPhoneSimulator.Build.0 = Debug|Any CPU
		{339A5389-037C-44B6-85A9-147EE535214C}.Debug|x64.ActiveCfg = Debug|Any CPU
		{339A5389-037C-44B6-85A9-147EE535214C}.Debug|x64.Build.0 = Debug|Any CPU
		{339A5389-037C-44B6-85A9-147EE535214C}.Debug|x86.ActiveCfg = Debug|Any CPU
		{339A5389-037C-44B6-85A9-147EE535214C}.Debug|x86.Build.0 = Debug|Any CPU
		{339A5389-037C-44B6-85A9-147EE535214C}.Release|Any CPU.ActiveCfg = Release|Any CPU
		{339A5389-037C-44B6-85A9-147EE535214C}.Release|Any CPU.Build.0 = Release|Any CPU
		{339A5389-037C-44B6-85A9-147EE535214C}.Release|ARM.ActiveCfg = Release|Any CPU
		{339A5389-037C-44B6-85A9-147EE535214C}.Release|ARM.Build.0 = Release|Any CPU
		{339A5389-037C-44B6-85A9-147EE535214C}.Release|iPhone.ActiveCfg = Release|Any CPU
		{339A5389-037C-44B6-85A9-147EE535214C}.Release|iPhone.Build.0 = Release|Any CPU
		{339A5389-037C-44B6-85A9-147EE535214C}.Release|iPhoneSimulator.ActiveCfg = Release|Any CPU
		{339A5389-037C-44B6-85A9-147EE535214C}.Release|iPhoneSimulator.Build.0 = Release|Any CPU
		{339A5389-037C-44B6-85A9-147EE535214C}.Release|x64.ActiveCfg = Release|Any CPU
		{339A5389-037C-44B6-85A9-147EE535214C}.Release|x64.Build.0 = Release|Any CPU
		{339A5389-037C-44B6-85A9-147EE535214C}.Release|x86.ActiveCfg = Release|Any CPU
		{339A5389-037C-44B6-85A9-147EE535214C}.Release|x86.Build.0 = Release|Any CPU
		{92A4328E-86C3-4F88-9A87-5F0EC3718E30}.Ad-Hoc|Any CPU.ActiveCfg = Release|Any CPU
		{92A4328E-86C3-4F88-9A87-5F0EC3718E30}.Ad-Hoc|Any CPU.Build.0 = Release|Any CPU
		{92A4328E-86C3-4F88-9A87-5F0EC3718E30}.Ad-Hoc|ARM.ActiveCfg = Release|Any CPU
		{92A4328E-86C3-4F88-9A87-5F0EC3718E30}.Ad-Hoc|ARM.Build.0 = Release|Any CPU
		{92A4328E-86C3-4F88-9A87-5F0EC3718E30}.Ad-Hoc|iPhone.ActiveCfg = Release|Any CPU
		{92A4328E-86C3-4F88-9A87-5F0EC3718E30}.Ad-Hoc|iPhone.Build.0 = Release|Any CPU
		{92A4328E-86C3-4F88-9A87-5F0EC3718E30}.Ad-Hoc|iPhoneSimulator.ActiveCfg = Release|Any CPU
		{92A4328E-86C3-4F88-9A87-5F0EC3718E30}.Ad-Hoc|iPhoneSimulator.Build.0 = Release|Any CPU
		{92A4328E-86C3-4F88-9A87-5F0EC3718E30}.Ad-Hoc|x64.ActiveCfg = Release|Any CPU
		{92A4328E-86C3-4F88-9A87-5F0EC3718E30}.Ad-Hoc|x64.Build.0 = Release|Any CPU
		{92A4328E-86C3-4F88-9A87-5F0EC3718E30}.Ad-Hoc|x86.ActiveCfg = Release|Any CPU
		{92A4328E-86C3-4F88-9A87-5F0EC3718E30}.Ad-Hoc|x86.Build.0 = Release|Any CPU
		{92A4328E-86C3-4F88-9A87-5F0EC3718E30}.AppStore|Any CPU.ActiveCfg = Release|Any CPU
		{92A4328E-86C3-4F88-9A87-5F0EC3718E30}.AppStore|Any CPU.Build.0 = Release|Any CPU
		{92A4328E-86C3-4F88-9A87-5F0EC3718E30}.AppStore|ARM.ActiveCfg = Release|Any CPU
		{92A4328E-86C3-4F88-9A87-5F0EC3718E30}.AppStore|ARM.Build.0 = Release|Any CPU
		{92A4328E-86C3-4F88-9A87-5F0EC3718E30}.AppStore|iPhone.ActiveCfg = Release|Any CPU
		{92A4328E-86C3-4F88-9A87-5F0EC3718E30}.AppStore|iPhone.Build.0 = Release|Any CPU
		{92A4328E-86C3-4F88-9A87-5F0EC3718E30}.AppStore|iPhoneSimulator.ActiveCfg = Release|Any CPU
		{92A4328E-86C3-4F88-9A87-5F0EC3718E30}.AppStore|iPhoneSimulator.Build.0 = Release|Any CPU
		{92A4328E-86C3-4F88-9A87-5F0EC3718E30}.AppStore|x64.ActiveCfg = Release|Any CPU
		{92A4328E-86C3-4F88-9A87-5F0EC3718E30}.AppStore|x64.Build.0 = Release|Any CPU
		{92A4328E-86C3-4F88-9A87-5F0EC3718E30}.AppStore|x86.ActiveCfg = Release|Any CPU
		{92A4328E-86C3-4F88-9A87-5F0EC3718E30}.AppStore|x86.Build.0 = Release|Any CPU
		{92A4328E-86C3-4F88-9A87-5F0EC3718E30}.Debug|Any CPU.ActiveCfg = Debug|Any CPU
		{92A4328E-86C3-4F88-9A87-5F0EC3718E30}.Debug|Any CPU.Build.0 = Debug|Any CPU
		{92A4328E-86C3-4F88-9A87-5F0EC3718E30}.Debug|ARM.ActiveCfg = Debug|Any CPU
		{92A4328E-86C3-4F88-9A87-5F0EC3718E30}.Debug|ARM.Build.0 = Debug|Any CPU
		{92A4328E-86C3-4F88-9A87-5F0EC3718E30}.Debug|iPhone.ActiveCfg = Debug|Any CPU
		{92A4328E-86C3-4F88-9A87-5F0EC3718E30}.Debug|iPhone.Build.0 = Debug|Any CPU
		{92A4328E-86C3-4F88-9A87-5F0EC3718E30}.Debug|iPhoneSimulator.ActiveCfg = Debug|Any CPU
		{92A4328E-86C3-4F88-9A87-5F0EC3718E30}.Debug|iPhoneSimulator.Build.0 = Debug|Any CPU
		{92A4328E-86C3-4F88-9A87-5F0EC3718E30}.Debug|x64.ActiveCfg = Debug|Any CPU
		{92A4328E-86C3-4F88-9A87-5F0EC3718E30}.Debug|x64.Build.0 = Debug|Any CPU
		{92A4328E-86C3-4F88-9A87-5F0EC3718E30}.Debug|x86.ActiveCfg = Debug|Any CPU
		{92A4328E-86C3-4F88-9A87-5F0EC3718E30}.Debug|x86.Build.0 = Debug|Any CPU
		{92A4328E-86C3-4F88-9A87-5F0EC3718E30}.Release|Any CPU.ActiveCfg = Release|Any CPU
		{92A4328E-86C3-4F88-9A87-5F0EC3718E30}.Release|Any CPU.Build.0 = Release|Any CPU
		{92A4328E-86C3-4F88-9A87-5F0EC3718E30}.Release|ARM.ActiveCfg = Release|Any CPU
		{92A4328E-86C3-4F88-9A87-5F0EC3718E30}.Release|ARM.Build.0 = Release|Any CPU
		{92A4328E-86C3-4F88-9A87-5F0EC3718E30}.Release|iPhone.ActiveCfg = Release|Any CPU
		{92A4328E-86C3-4F88-9A87-5F0EC3718E30}.Release|iPhone.Build.0 = Release|Any CPU
		{92A4328E-86C3-4F88-9A87-5F0EC3718E30}.Release|iPhoneSimulator.ActiveCfg = Release|Any CPU
		{92A4328E-86C3-4F88-9A87-5F0EC3718E30}.Release|iPhoneSimulator.Build.0 = Release|Any CPU
		{92A4328E-86C3-4F88-9A87-5F0EC3718E30}.Release|x64.ActiveCfg = Release|Any CPU
		{92A4328E-86C3-4F88-9A87-5F0EC3718E30}.Release|x64.Build.0 = Release|Any CPU
		{92A4328E-86C3-4F88-9A87-5F0EC3718E30}.Release|x86.ActiveCfg = Release|Any CPU
		{92A4328E-86C3-4F88-9A87-5F0EC3718E30}.Release|x86.Build.0 = Release|Any CPU
		{6EE47C8B-D123-4421-B670-8A2E0362746F}.Ad-Hoc|Any CPU.ActiveCfg = Release|Any CPU
		{6EE47C8B-D123-4421-B670-8A2E0362746F}.Ad-Hoc|Any CPU.Build.0 = Release|Any CPU
		{6EE47C8B-D123-4421-B670-8A2E0362746F}.Ad-Hoc|ARM.ActiveCfg = Release|Any CPU
		{6EE47C8B-D123-4421-B670-8A2E0362746F}.Ad-Hoc|ARM.Build.0 = Release|Any CPU
		{6EE47C8B-D123-4421-B670-8A2E0362746F}.Ad-Hoc|iPhone.ActiveCfg = Release|Any CPU
		{6EE47C8B-D123-4421-B670-8A2E0362746F}.Ad-Hoc|iPhone.Build.0 = Release|Any CPU
		{6EE47C8B-D123-4421-B670-8A2E0362746F}.Ad-Hoc|iPhoneSimulator.ActiveCfg = Release|Any CPU
		{6EE47C8B-D123-4421-B670-8A2E0362746F}.Ad-Hoc|iPhoneSimulator.Build.0 = Release|Any CPU
		{6EE47C8B-D123-4421-B670-8A2E0362746F}.Ad-Hoc|x64.ActiveCfg = Release|Any CPU
		{6EE47C8B-D123-4421-B670-8A2E0362746F}.Ad-Hoc|x64.Build.0 = Release|Any CPU
		{6EE47C8B-D123-4421-B670-8A2E0362746F}.Ad-Hoc|x86.ActiveCfg = Release|Any CPU
		{6EE47C8B-D123-4421-B670-8A2E0362746F}.Ad-Hoc|x86.Build.0 = Release|Any CPU
		{6EE47C8B-D123-4421-B670-8A2E0362746F}.AppStore|Any CPU.ActiveCfg = Release|Any CPU
		{6EE47C8B-D123-4421-B670-8A2E0362746F}.AppStore|Any CPU.Build.0 = Release|Any CPU
		{6EE47C8B-D123-4421-B670-8A2E0362746F}.AppStore|ARM.ActiveCfg = Release|Any CPU
		{6EE47C8B-D123-4421-B670-8A2E0362746F}.AppStore|ARM.Build.0 = Release|Any CPU
		{6EE47C8B-D123-4421-B670-8A2E0362746F}.AppStore|iPhone.ActiveCfg = Release|Any CPU
		{6EE47C8B-D123-4421-B670-8A2E0362746F}.AppStore|iPhone.Build.0 = Release|Any CPU
		{6EE47C8B-D123-4421-B670-8A2E0362746F}.AppStore|iPhoneSimulator.ActiveCfg = Release|Any CPU
		{6EE47C8B-D123-4421-B670-8A2E0362746F}.AppStore|iPhoneSimulator.Build.0 = Release|Any CPU
		{6EE47C8B-D123-4421-B670-8A2E0362746F}.AppStore|x64.ActiveCfg = Release|Any CPU
		{6EE47C8B-D123-4421-B670-8A2E0362746F}.AppStore|x64.Build.0 = Release|Any CPU
		{6EE47C8B-D123-4421-B670-8A2E0362746F}.AppStore|x86.ActiveCfg = Release|Any CPU
		{6EE47C8B-D123-4421-B670-8A2E0362746F}.AppStore|x86.Build.0 = Release|Any CPU
		{6EE47C8B-D123-4421-B670-8A2E0362746F}.Debug|Any CPU.ActiveCfg = Debug|Any CPU
		{6EE47C8B-D123-4421-B670-8A2E0362746F}.Debug|Any CPU.Build.0 = Debug|Any CPU
		{6EE47C8B-D123-4421-B670-8A2E0362746F}.Debug|ARM.ActiveCfg = Debug|Any CPU
		{6EE47C8B-D123-4421-B670-8A2E0362746F}.Debug|ARM.Build.0 = Debug|Any CPU
		{6EE47C8B-D123-4421-B670-8A2E0362746F}.Debug|iPhone.ActiveCfg = Debug|Any CPU
		{6EE47C8B-D123-4421-B670-8A2E0362746F}.Debug|iPhone.Build.0 = Debug|Any CPU
		{6EE47C8B-D123-4421-B670-8A2E0362746F}.Debug|iPhoneSimulator.ActiveCfg = Debug|Any CPU
		{6EE47C8B-D123-4421-B670-8A2E0362746F}.Debug|iPhoneSimulator.Build.0 = Debug|Any CPU
		{6EE47C8B-D123-4421-B670-8A2E0362746F}.Debug|x64.ActiveCfg = Debug|Any CPU
		{6EE47C8B-D123-4421-B670-8A2E0362746F}.Debug|x64.Build.0 = Debug|Any CPU
		{6EE47C8B-D123-4421-B670-8A2E0362746F}.Debug|x86.ActiveCfg = Debug|Any CPU
		{6EE47C8B-D123-4421-B670-8A2E0362746F}.Debug|x86.Build.0 = Debug|Any CPU
		{6EE47C8B-D123-4421-B670-8A2E0362746F}.Release|Any CPU.ActiveCfg = Release|Any CPU
		{6EE47C8B-D123-4421-B670-8A2E0362746F}.Release|Any CPU.Build.0 = Release|Any CPU
		{6EE47C8B-D123-4421-B670-8A2E0362746F}.Release|ARM.ActiveCfg = Release|Any CPU
		{6EE47C8B-D123-4421-B670-8A2E0362746F}.Release|ARM.Build.0 = Release|Any CPU
		{6EE47C8B-D123-4421-B670-8A2E0362746F}.Release|iPhone.ActiveCfg = Release|Any CPU
		{6EE47C8B-D123-4421-B670-8A2E0362746F}.Release|iPhone.Build.0 = Release|Any CPU
		{6EE47C8B-D123-4421-B670-8A2E0362746F}.Release|iPhoneSimulator.ActiveCfg = Release|Any CPU
		{6EE47C8B-D123-4421-B670-8A2E0362746F}.Release|iPhoneSimulator.Build.0 = Release|Any CPU
		{6EE47C8B-D123-4421-B670-8A2E0362746F}.Release|x64.ActiveCfg = Release|Any CPU
		{6EE47C8B-D123-4421-B670-8A2E0362746F}.Release|x64.Build.0 = Release|Any CPU
		{6EE47C8B-D123-4421-B670-8A2E0362746F}.Release|x86.ActiveCfg = Release|Any CPU
		{6EE47C8B-D123-4421-B670-8A2E0362746F}.Release|x86.Build.0 = Release|Any CPU
		{EA9242A7-1B5C-47EB-9A66-36C36B093923}.Ad-Hoc|Any CPU.ActiveCfg = Release|Any CPU
		{EA9242A7-1B5C-47EB-9A66-36C36B093923}.Ad-Hoc|Any CPU.Build.0 = Release|Any CPU
		{EA9242A7-1B5C-47EB-9A66-36C36B093923}.Ad-Hoc|ARM.ActiveCfg = Release|Any CPU
		{EA9242A7-1B5C-47EB-9A66-36C36B093923}.Ad-Hoc|ARM.Build.0 = Release|Any CPU
		{EA9242A7-1B5C-47EB-9A66-36C36B093923}.Ad-Hoc|iPhone.ActiveCfg = Release|Any CPU
		{EA9242A7-1B5C-47EB-9A66-36C36B093923}.Ad-Hoc|iPhone.Build.0 = Release|Any CPU
		{EA9242A7-1B5C-47EB-9A66-36C36B093923}.Ad-Hoc|iPhoneSimulator.ActiveCfg = Release|Any CPU
		{EA9242A7-1B5C-47EB-9A66-36C36B093923}.Ad-Hoc|iPhoneSimulator.Build.0 = Release|Any CPU
		{EA9242A7-1B5C-47EB-9A66-36C36B093923}.Ad-Hoc|x64.ActiveCfg = Release|Any CPU
		{EA9242A7-1B5C-47EB-9A66-36C36B093923}.Ad-Hoc|x64.Build.0 = Release|Any CPU
		{EA9242A7-1B5C-47EB-9A66-36C36B093923}.Ad-Hoc|x86.ActiveCfg = Release|Any CPU
		{EA9242A7-1B5C-47EB-9A66-36C36B093923}.Ad-Hoc|x86.Build.0 = Release|Any CPU
		{EA9242A7-1B5C-47EB-9A66-36C36B093923}.AppStore|Any CPU.ActiveCfg = Release|Any CPU
		{EA9242A7-1B5C-47EB-9A66-36C36B093923}.AppStore|Any CPU.Build.0 = Release|Any CPU
		{EA9242A7-1B5C-47EB-9A66-36C36B093923}.AppStore|ARM.ActiveCfg = Release|Any CPU
		{EA9242A7-1B5C-47EB-9A66-36C36B093923}.AppStore|ARM.Build.0 = Release|Any CPU
		{EA9242A7-1B5C-47EB-9A66-36C36B093923}.AppStore|iPhone.ActiveCfg = Release|Any CPU
		{EA9242A7-1B5C-47EB-9A66-36C36B093923}.AppStore|iPhone.Build.0 = Release|Any CPU
		{EA9242A7-1B5C-47EB-9A66-36C36B093923}.AppStore|iPhoneSimulator.ActiveCfg = Release|Any CPU
		{EA9242A7-1B5C-47EB-9A66-36C36B093923}.AppStore|iPhoneSimulator.Build.0 = Release|Any CPU
		{EA9242A7-1B5C-47EB-9A66-36C36B093923}.AppStore|x64.ActiveCfg = Release|Any CPU
		{EA9242A7-1B5C-47EB-9A66-36C36B093923}.AppStore|x64.Build.0 = Release|Any CPU
		{EA9242A7-1B5C-47EB-9A66-36C36B093923}.AppStore|x86.ActiveCfg = Release|Any CPU
		{EA9242A7-1B5C-47EB-9A66-36C36B093923}.AppStore|x86.Build.0 = Release|Any CPU
		{EA9242A7-1B5C-47EB-9A66-36C36B093923}.Debug|Any CPU.ActiveCfg = Debug|Any CPU
		{EA9242A7-1B5C-47EB-9A66-36C36B093923}.Debug|Any CPU.Build.0 = Debug|Any CPU
		{EA9242A7-1B5C-47EB-9A66-36C36B093923}.Debug|ARM.ActiveCfg = Debug|Any CPU
		{EA9242A7-1B5C-47EB-9A66-36C36B093923}.Debug|ARM.Build.0 = Debug|Any CPU
		{EA9242A7-1B5C-47EB-9A66-36C36B093923}.Debug|iPhone.ActiveCfg = Debug|Any CPU
		{EA9242A7-1B5C-47EB-9A66-36C36B093923}.Debug|iPhone.Build.0 = Debug|Any CPU
		{EA9242A7-1B5C-47EB-9A66-36C36B093923}.Debug|iPhoneSimulator.ActiveCfg = Debug|Any CPU
		{EA9242A7-1B5C-47EB-9A66-36C36B093923}.Debug|iPhoneSimulator.Build.0 = Debug|Any CPU
		{EA9242A7-1B5C-47EB-9A66-36C36B093923}.Debug|x64.ActiveCfg = Debug|Any CPU
		{EA9242A7-1B5C-47EB-9A66-36C36B093923}.Debug|x64.Build.0 = Debug|Any CPU
		{EA9242A7-1B5C-47EB-9A66-36C36B093923}.Debug|x86.ActiveCfg = Debug|Any CPU
		{EA9242A7-1B5C-47EB-9A66-36C36B093923}.Debug|x86.Build.0 = Debug|Any CPU
		{EA9242A7-1B5C-47EB-9A66-36C36B093923}.Release|Any CPU.ActiveCfg = Release|Any CPU
		{EA9242A7-1B5C-47EB-9A66-36C36B093923}.Release|Any CPU.Build.0 = Release|Any CPU
		{EA9242A7-1B5C-47EB-9A66-36C36B093923}.Release|ARM.ActiveCfg = Release|Any CPU
		{EA9242A7-1B5C-47EB-9A66-36C36B093923}.Release|ARM.Build.0 = Release|Any CPU
		{EA9242A7-1B5C-47EB-9A66-36C36B093923}.Release|iPhone.ActiveCfg = Release|Any CPU
		{EA9242A7-1B5C-47EB-9A66-36C36B093923}.Release|iPhone.Build.0 = Release|Any CPU
		{EA9242A7-1B5C-47EB-9A66-36C36B093923}.Release|iPhoneSimulator.ActiveCfg = Release|Any CPU
		{EA9242A7-1B5C-47EB-9A66-36C36B093923}.Release|iPhoneSimulator.Build.0 = Release|Any CPU
		{EA9242A7-1B5C-47EB-9A66-36C36B093923}.Release|x64.ActiveCfg = Release|Any CPU
		{EA9242A7-1B5C-47EB-9A66-36C36B093923}.Release|x64.Build.0 = Release|Any CPU
		{EA9242A7-1B5C-47EB-9A66-36C36B093923}.Release|x86.ActiveCfg = Release|Any CPU
		{EA9242A7-1B5C-47EB-9A66-36C36B093923}.Release|x86.Build.0 = Release|Any CPU
		{C9E83E7C-FFE6-4268-BA65-0D0DB51BC3A0}.Ad-Hoc|Any CPU.ActiveCfg = Ad-Hoc|iPhone
		{C9E83E7C-FFE6-4268-BA65-0D0DB51BC3A0}.Ad-Hoc|ARM.ActiveCfg = Ad-Hoc|iPhone
		{C9E83E7C-FFE6-4268-BA65-0D0DB51BC3A0}.Ad-Hoc|iPhone.ActiveCfg = Ad-Hoc|iPhone
		{C9E83E7C-FFE6-4268-BA65-0D0DB51BC3A0}.Ad-Hoc|iPhone.Build.0 = Ad-Hoc|iPhone
		{C9E83E7C-FFE6-4268-BA65-0D0DB51BC3A0}.Ad-Hoc|iPhoneSimulator.ActiveCfg = Ad-Hoc|iPhoneSimulator
		{C9E83E7C-FFE6-4268-BA65-0D0DB51BC3A0}.Ad-Hoc|iPhoneSimulator.Build.0 = Ad-Hoc|iPhoneSimulator
		{C9E83E7C-FFE6-4268-BA65-0D0DB51BC3A0}.Ad-Hoc|x64.ActiveCfg = Ad-Hoc|iPhone
		{C9E83E7C-FFE6-4268-BA65-0D0DB51BC3A0}.Ad-Hoc|x86.ActiveCfg = Ad-Hoc|iPhone
		{C9E83E7C-FFE6-4268-BA65-0D0DB51BC3A0}.AppStore|Any CPU.ActiveCfg = AppStore|iPhone
		{C9E83E7C-FFE6-4268-BA65-0D0DB51BC3A0}.AppStore|ARM.ActiveCfg = AppStore|iPhone
		{C9E83E7C-FFE6-4268-BA65-0D0DB51BC3A0}.AppStore|iPhone.ActiveCfg = AppStore|iPhone
		{C9E83E7C-FFE6-4268-BA65-0D0DB51BC3A0}.AppStore|iPhone.Build.0 = AppStore|iPhone
		{C9E83E7C-FFE6-4268-BA65-0D0DB51BC3A0}.AppStore|iPhoneSimulator.ActiveCfg = AppStore|iPhoneSimulator
		{C9E83E7C-FFE6-4268-BA65-0D0DB51BC3A0}.AppStore|iPhoneSimulator.Build.0 = AppStore|iPhoneSimulator
		{C9E83E7C-FFE6-4268-BA65-0D0DB51BC3A0}.AppStore|x64.ActiveCfg = AppStore|iPhone
		{C9E83E7C-FFE6-4268-BA65-0D0DB51BC3A0}.AppStore|x86.ActiveCfg = AppStore|iPhone
		{C9E83E7C-FFE6-4268-BA65-0D0DB51BC3A0}.Debug|Any CPU.ActiveCfg = Debug|iPhone
		{C9E83E7C-FFE6-4268-BA65-0D0DB51BC3A0}.Debug|ARM.ActiveCfg = Debug|iPhone
		{C9E83E7C-FFE6-4268-BA65-0D0DB51BC3A0}.Debug|iPhone.ActiveCfg = Debug|iPhone
		{C9E83E7C-FFE6-4268-BA65-0D0DB51BC3A0}.Debug|iPhone.Build.0 = Debug|iPhone
		{C9E83E7C-FFE6-4268-BA65-0D0DB51BC3A0}.Debug|iPhoneSimulator.ActiveCfg = Debug|iPhoneSimulator
		{C9E83E7C-FFE6-4268-BA65-0D0DB51BC3A0}.Debug|iPhoneSimulator.Build.0 = Debug|iPhoneSimulator
		{C9E83E7C-FFE6-4268-BA65-0D0DB51BC3A0}.Debug|x64.ActiveCfg = Debug|iPhone
		{C9E83E7C-FFE6-4268-BA65-0D0DB51BC3A0}.Debug|x86.ActiveCfg = Debug|iPhone
		{C9E83E7C-FFE6-4268-BA65-0D0DB51BC3A0}.Release|Any CPU.ActiveCfg = Release|iPhone
		{C9E83E7C-FFE6-4268-BA65-0D0DB51BC3A0}.Release|ARM.ActiveCfg = Release|iPhone
		{C9E83E7C-FFE6-4268-BA65-0D0DB51BC3A0}.Release|iPhone.ActiveCfg = Release|iPhone
		{C9E83E7C-FFE6-4268-BA65-0D0DB51BC3A0}.Release|iPhone.Build.0 = Release|iPhone
		{C9E83E7C-FFE6-4268-BA65-0D0DB51BC3A0}.Release|iPhoneSimulator.ActiveCfg = Release|iPhoneSimulator
		{C9E83E7C-FFE6-4268-BA65-0D0DB51BC3A0}.Release|iPhoneSimulator.Build.0 = Release|iPhoneSimulator
		{C9E83E7C-FFE6-4268-BA65-0D0DB51BC3A0}.Release|x64.ActiveCfg = Release|iPhone
		{C9E83E7C-FFE6-4268-BA65-0D0DB51BC3A0}.Release|x86.ActiveCfg = Release|iPhone
		{34816BEE-211F-4F22-95F7-25EF7213D21D}.Ad-Hoc|Any CPU.ActiveCfg = Release|Any CPU
		{34816BEE-211F-4F22-95F7-25EF7213D21D}.Ad-Hoc|Any CPU.Build.0 = Release|Any CPU
		{34816BEE-211F-4F22-95F7-25EF7213D21D}.Ad-Hoc|Any CPU.Deploy.0 = Release|Any CPU
		{34816BEE-211F-4F22-95F7-25EF7213D21D}.Ad-Hoc|ARM.ActiveCfg = Release|Any CPU
		{34816BEE-211F-4F22-95F7-25EF7213D21D}.Ad-Hoc|ARM.Build.0 = Release|Any CPU
		{34816BEE-211F-4F22-95F7-25EF7213D21D}.Ad-Hoc|ARM.Deploy.0 = Release|Any CPU
		{34816BEE-211F-4F22-95F7-25EF7213D21D}.Ad-Hoc|iPhone.ActiveCfg = Release|Any CPU
		{34816BEE-211F-4F22-95F7-25EF7213D21D}.Ad-Hoc|iPhone.Build.0 = Release|Any CPU
		{34816BEE-211F-4F22-95F7-25EF7213D21D}.Ad-Hoc|iPhone.Deploy.0 = Release|Any CPU
		{34816BEE-211F-4F22-95F7-25EF7213D21D}.Ad-Hoc|iPhoneSimulator.ActiveCfg = Release|Any CPU
		{34816BEE-211F-4F22-95F7-25EF7213D21D}.Ad-Hoc|iPhoneSimulator.Build.0 = Release|Any CPU
		{34816BEE-211F-4F22-95F7-25EF7213D21D}.Ad-Hoc|iPhoneSimulator.Deploy.0 = Release|Any CPU
		{34816BEE-211F-4F22-95F7-25EF7213D21D}.Ad-Hoc|x64.ActiveCfg = Release|Any CPU
		{34816BEE-211F-4F22-95F7-25EF7213D21D}.Ad-Hoc|x64.Build.0 = Release|Any CPU
		{34816BEE-211F-4F22-95F7-25EF7213D21D}.Ad-Hoc|x64.Deploy.0 = Release|Any CPU
		{34816BEE-211F-4F22-95F7-25EF7213D21D}.Ad-Hoc|x86.ActiveCfg = Release|Any CPU
		{34816BEE-211F-4F22-95F7-25EF7213D21D}.Ad-Hoc|x86.Build.0 = Release|Any CPU
		{34816BEE-211F-4F22-95F7-25EF7213D21D}.Ad-Hoc|x86.Deploy.0 = Release|Any CPU
		{34816BEE-211F-4F22-95F7-25EF7213D21D}.AppStore|Any CPU.ActiveCfg = Release|Any CPU
		{34816BEE-211F-4F22-95F7-25EF7213D21D}.AppStore|Any CPU.Build.0 = Release|Any CPU
		{34816BEE-211F-4F22-95F7-25EF7213D21D}.AppStore|Any CPU.Deploy.0 = Release|Any CPU
		{34816BEE-211F-4F22-95F7-25EF7213D21D}.AppStore|ARM.ActiveCfg = Release|Any CPU
		{34816BEE-211F-4F22-95F7-25EF7213D21D}.AppStore|ARM.Build.0 = Release|Any CPU
		{34816BEE-211F-4F22-95F7-25EF7213D21D}.AppStore|ARM.Deploy.0 = Release|Any CPU
		{34816BEE-211F-4F22-95F7-25EF7213D21D}.AppStore|iPhone.ActiveCfg = Release|Any CPU
		{34816BEE-211F-4F22-95F7-25EF7213D21D}.AppStore|iPhone.Build.0 = Release|Any CPU
		{34816BEE-211F-4F22-95F7-25EF7213D21D}.AppStore|iPhone.Deploy.0 = Release|Any CPU
		{34816BEE-211F-4F22-95F7-25EF7213D21D}.AppStore|iPhoneSimulator.ActiveCfg = Release|Any CPU
		{34816BEE-211F-4F22-95F7-25EF7213D21D}.AppStore|iPhoneSimulator.Build.0 = Release|Any CPU
		{34816BEE-211F-4F22-95F7-25EF7213D21D}.AppStore|iPhoneSimulator.Deploy.0 = Release|Any CPU
		{34816BEE-211F-4F22-95F7-25EF7213D21D}.AppStore|x64.ActiveCfg = Release|Any CPU
		{34816BEE-211F-4F22-95F7-25EF7213D21D}.AppStore|x64.Build.0 = Release|Any CPU
		{34816BEE-211F-4F22-95F7-25EF7213D21D}.AppStore|x64.Deploy.0 = Release|Any CPU
		{34816BEE-211F-4F22-95F7-25EF7213D21D}.AppStore|x86.ActiveCfg = Release|Any CPU
		{34816BEE-211F-4F22-95F7-25EF7213D21D}.AppStore|x86.Build.0 = Release|Any CPU
		{34816BEE-211F-4F22-95F7-25EF7213D21D}.AppStore|x86.Deploy.0 = Release|Any CPU
		{34816BEE-211F-4F22-95F7-25EF7213D21D}.Debug|Any CPU.ActiveCfg = Debug|Any CPU
		{34816BEE-211F-4F22-95F7-25EF7213D21D}.Debug|Any CPU.Build.0 = Debug|Any CPU
		{34816BEE-211F-4F22-95F7-25EF7213D21D}.Debug|Any CPU.Deploy.0 = Debug|Any CPU
		{34816BEE-211F-4F22-95F7-25EF7213D21D}.Debug|ARM.ActiveCfg = Debug|Any CPU
		{34816BEE-211F-4F22-95F7-25EF7213D21D}.Debug|ARM.Build.0 = Debug|Any CPU
		{34816BEE-211F-4F22-95F7-25EF7213D21D}.Debug|ARM.Deploy.0 = Debug|Any CPU
		{34816BEE-211F-4F22-95F7-25EF7213D21D}.Debug|iPhone.ActiveCfg = Debug|Any CPU
		{34816BEE-211F-4F22-95F7-25EF7213D21D}.Debug|iPhone.Build.0 = Debug|Any CPU
		{34816BEE-211F-4F22-95F7-25EF7213D21D}.Debug|iPhone.Deploy.0 = Debug|Any CPU
		{34816BEE-211F-4F22-95F7-25EF7213D21D}.Debug|iPhoneSimulator.ActiveCfg = Debug|Any CPU
		{34816BEE-211F-4F22-95F7-25EF7213D21D}.Debug|iPhoneSimulator.Build.0 = Debug|Any CPU
		{34816BEE-211F-4F22-95F7-25EF7213D21D}.Debug|iPhoneSimulator.Deploy.0 = Debug|Any CPU
		{34816BEE-211F-4F22-95F7-25EF7213D21D}.Debug|x64.ActiveCfg = Debug|Any CPU
		{34816BEE-211F-4F22-95F7-25EF7213D21D}.Debug|x64.Build.0 = Debug|Any CPU
		{34816BEE-211F-4F22-95F7-25EF7213D21D}.Debug|x64.Deploy.0 = Debug|Any CPU
		{34816BEE-211F-4F22-95F7-25EF7213D21D}.Debug|x86.ActiveCfg = Debug|Any CPU
		{34816BEE-211F-4F22-95F7-25EF7213D21D}.Debug|x86.Build.0 = Debug|Any CPU
		{34816BEE-211F-4F22-95F7-25EF7213D21D}.Debug|x86.Deploy.0 = Debug|Any CPU
		{34816BEE-211F-4F22-95F7-25EF7213D21D}.Release|Any CPU.ActiveCfg = Release|Any CPU
		{34816BEE-211F-4F22-95F7-25EF7213D21D}.Release|Any CPU.Build.0 = Release|Any CPU
		{34816BEE-211F-4F22-95F7-25EF7213D21D}.Release|Any CPU.Deploy.0 = Release|Any CPU
		{34816BEE-211F-4F22-95F7-25EF7213D21D}.Release|ARM.ActiveCfg = Release|Any CPU
		{34816BEE-211F-4F22-95F7-25EF7213D21D}.Release|ARM.Build.0 = Release|Any CPU
		{34816BEE-211F-4F22-95F7-25EF7213D21D}.Release|ARM.Deploy.0 = Release|Any CPU
		{34816BEE-211F-4F22-95F7-25EF7213D21D}.Release|iPhone.ActiveCfg = Release|Any CPU
		{34816BEE-211F-4F22-95F7-25EF7213D21D}.Release|iPhone.Build.0 = Release|Any CPU
		{34816BEE-211F-4F22-95F7-25EF7213D21D}.Release|iPhone.Deploy.0 = Release|Any CPU
		{34816BEE-211F-4F22-95F7-25EF7213D21D}.Release|iPhoneSimulator.ActiveCfg = Release|Any CPU
		{34816BEE-211F-4F22-95F7-25EF7213D21D}.Release|iPhoneSimulator.Build.0 = Release|Any CPU
		{34816BEE-211F-4F22-95F7-25EF7213D21D}.Release|iPhoneSimulator.Deploy.0 = Release|Any CPU
		{34816BEE-211F-4F22-95F7-25EF7213D21D}.Release|x64.ActiveCfg = Release|Any CPU
		{34816BEE-211F-4F22-95F7-25EF7213D21D}.Release|x64.Build.0 = Release|Any CPU
		{34816BEE-211F-4F22-95F7-25EF7213D21D}.Release|x64.Deploy.0 = Release|Any CPU
		{34816BEE-211F-4F22-95F7-25EF7213D21D}.Release|x86.ActiveCfg = Release|Any CPU
		{34816BEE-211F-4F22-95F7-25EF7213D21D}.Release|x86.Build.0 = Release|Any CPU
		{34816BEE-211F-4F22-95F7-25EF7213D21D}.Release|x86.Deploy.0 = Release|Any CPU
		{C5A782AF-BA06-4C90-8D68-789599F2EDA7}.Ad-Hoc|Any CPU.ActiveCfg = Release|x64
		{C5A782AF-BA06-4C90-8D68-789599F2EDA7}.Ad-Hoc|Any CPU.Build.0 = Release|x64
		{C5A782AF-BA06-4C90-8D68-789599F2EDA7}.Ad-Hoc|Any CPU.Deploy.0 = Release|x64
		{C5A782AF-BA06-4C90-8D68-789599F2EDA7}.Ad-Hoc|ARM.ActiveCfg = Release|ARM
		{C5A782AF-BA06-4C90-8D68-789599F2EDA7}.Ad-Hoc|ARM.Build.0 = Release|ARM
		{C5A782AF-BA06-4C90-8D68-789599F2EDA7}.Ad-Hoc|ARM.Deploy.0 = Release|ARM
		{C5A782AF-BA06-4C90-8D68-789599F2EDA7}.Ad-Hoc|iPhone.ActiveCfg = Release|x64
		{C5A782AF-BA06-4C90-8D68-789599F2EDA7}.Ad-Hoc|iPhone.Build.0 = Release|x64
		{C5A782AF-BA06-4C90-8D68-789599F2EDA7}.Ad-Hoc|iPhone.Deploy.0 = Release|x64
		{C5A782AF-BA06-4C90-8D68-789599F2EDA7}.Ad-Hoc|iPhoneSimulator.ActiveCfg = Release|x64
		{C5A782AF-BA06-4C90-8D68-789599F2EDA7}.Ad-Hoc|iPhoneSimulator.Build.0 = Release|x64
		{C5A782AF-BA06-4C90-8D68-789599F2EDA7}.Ad-Hoc|iPhoneSimulator.Deploy.0 = Release|x64
		{C5A782AF-BA06-4C90-8D68-789599F2EDA7}.Ad-Hoc|x64.ActiveCfg = Release|x64
		{C5A782AF-BA06-4C90-8D68-789599F2EDA7}.Ad-Hoc|x64.Build.0 = Release|x64
		{C5A782AF-BA06-4C90-8D68-789599F2EDA7}.Ad-Hoc|x64.Deploy.0 = Release|x64
		{C5A782AF-BA06-4C90-8D68-789599F2EDA7}.Ad-Hoc|x86.ActiveCfg = Release|x86
		{C5A782AF-BA06-4C90-8D68-789599F2EDA7}.Ad-Hoc|x86.Build.0 = Release|x86
		{C5A782AF-BA06-4C90-8D68-789599F2EDA7}.Ad-Hoc|x86.Deploy.0 = Release|x86
		{C5A782AF-BA06-4C90-8D68-789599F2EDA7}.AppStore|Any CPU.ActiveCfg = Release|x64
		{C5A782AF-BA06-4C90-8D68-789599F2EDA7}.AppStore|Any CPU.Build.0 = Release|x64
		{C5A782AF-BA06-4C90-8D68-789599F2EDA7}.AppStore|Any CPU.Deploy.0 = Release|x64
		{C5A782AF-BA06-4C90-8D68-789599F2EDA7}.AppStore|ARM.ActiveCfg = Release|ARM
		{C5A782AF-BA06-4C90-8D68-789599F2EDA7}.AppStore|ARM.Build.0 = Release|ARM
		{C5A782AF-BA06-4C90-8D68-789599F2EDA7}.AppStore|ARM.Deploy.0 = Release|ARM
		{C5A782AF-BA06-4C90-8D68-789599F2EDA7}.AppStore|iPhone.ActiveCfg = Release|x64
		{C5A782AF-BA06-4C90-8D68-789599F2EDA7}.AppStore|iPhone.Build.0 = Release|x64
		{C5A782AF-BA06-4C90-8D68-789599F2EDA7}.AppStore|iPhone.Deploy.0 = Release|x64
		{C5A782AF-BA06-4C90-8D68-789599F2EDA7}.AppStore|iPhoneSimulator.ActiveCfg = Release|x64
		{C5A782AF-BA06-4C90-8D68-789599F2EDA7}.AppStore|iPhoneSimulator.Build.0 = Release|x64
		{C5A782AF-BA06-4C90-8D68-789599F2EDA7}.AppStore|iPhoneSimulator.Deploy.0 = Release|x64
		{C5A782AF-BA06-4C90-8D68-789599F2EDA7}.AppStore|x64.ActiveCfg = Release|x64
		{C5A782AF-BA06-4C90-8D68-789599F2EDA7}.AppStore|x64.Build.0 = Release|x64
		{C5A782AF-BA06-4C90-8D68-789599F2EDA7}.AppStore|x64.Deploy.0 = Release|x64
		{C5A782AF-BA06-4C90-8D68-789599F2EDA7}.AppStore|x86.ActiveCfg = Release|x86
		{C5A782AF-BA06-4C90-8D68-789599F2EDA7}.AppStore|x86.Build.0 = Release|x86
		{C5A782AF-BA06-4C90-8D68-789599F2EDA7}.AppStore|x86.Deploy.0 = Release|x86
		{C5A782AF-BA06-4C90-8D68-789599F2EDA7}.Debug|Any CPU.ActiveCfg = Debug|x86
		{C5A782AF-BA06-4C90-8D68-789599F2EDA7}.Debug|ARM.ActiveCfg = Debug|ARM
		{C5A782AF-BA06-4C90-8D68-789599F2EDA7}.Debug|ARM.Build.0 = Debug|ARM
		{C5A782AF-BA06-4C90-8D68-789599F2EDA7}.Debug|ARM.Deploy.0 = Debug|ARM
		{C5A782AF-BA06-4C90-8D68-789599F2EDA7}.Debug|iPhone.ActiveCfg = Debug|x86
		{C5A782AF-BA06-4C90-8D68-789599F2EDA7}.Debug|iPhoneSimulator.ActiveCfg = Debug|x86
		{C5A782AF-BA06-4C90-8D68-789599F2EDA7}.Debug|x64.ActiveCfg = Debug|x64
		{C5A782AF-BA06-4C90-8D68-789599F2EDA7}.Debug|x64.Build.0 = Debug|x64
		{C5A782AF-BA06-4C90-8D68-789599F2EDA7}.Debug|x64.Deploy.0 = Debug|x64
		{C5A782AF-BA06-4C90-8D68-789599F2EDA7}.Debug|x86.ActiveCfg = Debug|x86
		{C5A782AF-BA06-4C90-8D68-789599F2EDA7}.Debug|x86.Build.0 = Debug|x86
		{C5A782AF-BA06-4C90-8D68-789599F2EDA7}.Debug|x86.Deploy.0 = Debug|x86
		{C5A782AF-BA06-4C90-8D68-789599F2EDA7}.Release|Any CPU.ActiveCfg = Release|x86
		{C5A782AF-BA06-4C90-8D68-789599F2EDA7}.Release|ARM.ActiveCfg = Release|ARM
		{C5A782AF-BA06-4C90-8D68-789599F2EDA7}.Release|ARM.Build.0 = Release|ARM
		{C5A782AF-BA06-4C90-8D68-789599F2EDA7}.Release|ARM.Deploy.0 = Release|ARM
		{C5A782AF-BA06-4C90-8D68-789599F2EDA7}.Release|iPhone.ActiveCfg = Release|x86
		{C5A782AF-BA06-4C90-8D68-789599F2EDA7}.Release|iPhoneSimulator.ActiveCfg = Release|x86
		{C5A782AF-BA06-4C90-8D68-789599F2EDA7}.Release|x64.ActiveCfg = Release|x64
		{C5A782AF-BA06-4C90-8D68-789599F2EDA7}.Release|x64.Build.0 = Release|x64
		{C5A782AF-BA06-4C90-8D68-789599F2EDA7}.Release|x64.Deploy.0 = Release|x64
		{C5A782AF-BA06-4C90-8D68-789599F2EDA7}.Release|x86.ActiveCfg = Release|x86
		{C5A782AF-BA06-4C90-8D68-789599F2EDA7}.Release|x86.Build.0 = Release|x86
		{C5A782AF-BA06-4C90-8D68-789599F2EDA7}.Release|x86.Deploy.0 = Release|x86
	EndGlobalSection
	GlobalSection(SolutionProperties) = preSolution
		HideSolutionNode = FALSE
	EndGlobalSection
	GlobalSection(NestedProjects) = preSolution
		{339A5389-037C-44B6-85A9-147EE535214C} = {E9CA39B0-9BDE-4605-A452-C801608320B7}
		{6EE47C8B-D123-4421-B670-8A2E0362746F} = {C042CDD9-298B-4165-96EA-1B23F173B20D}
		{EA9242A7-1B5C-47EB-9A66-36C36B093923} = {C042CDD9-298B-4165-96EA-1B23F173B20D}
		{C9E83E7C-FFE6-4268-BA65-0D0DB51BC3A0} = {F5B336B7-C7BD-48AC-9C35-8F001A6D8126}
		{34816BEE-211F-4F22-95F7-25EF7213D21D} = {F5B336B7-C7BD-48AC-9C35-8F001A6D8126}
		{C5A782AF-BA06-4C90-8D68-789599F2EDA7} = {F5B336B7-C7BD-48AC-9C35-8F001A6D8126}
	EndGlobalSection
EndGlobal
